Microsoft Visual Studio Solution File, Format Version 12.00
# Visual Studio Version 16
VisualStudioVersion = 16.0.31729.503
MinimumVisualStudioVersion = 10.0.40219.1
Project("{8BC9CEB8-8B4A-11D0-8D11-00A0C91BC942}") = "ComIpcServer", "ComIpcServer\ComIpcServer.vcxproj", "{C5F9AE8B-FCD1-4CD2-A4D3-5A8A04EB4639}"
EndProject
Project("{8BC9CEB8-8B4A-11D0-8D11-00A0C91BC942}") = "ComIpcClient", "ComIpcClient\ComIpcClient.vcxproj", "{CFFDB245-3365-4499-AF64-512BBD395D85}"
EndProject
Global
	GlobalSection(SolutionConfigurationPlatforms) = preSolution
		Debug|x64 = Debug|x64
		Debug|x86 = Debug|x86
		Release|x64 = Release|x64
		Release|x86 = Release|x86
	EndGlobalSection
	GlobalSection(ProjectConfigurationPlatforms) = postSolution
		{C5F9AE8B-FCD1-4CD2-A4D3-5A8A04EB4639}.Debug|x64.ActiveCfg = Debug|x64
		{C5F9AE8B-FCD1-4CD2-A4D3-5A8A04EB4639}.Debug|x64.Build.0 = Debug|x64
		{C5F9AE8B-FCD1-4CD2-A4D3-5A8A04EB4639}.Debug|x86.ActiveCfg = Debug|Win32
		{C5F9AE8B-FCD1-4CD2-A4D3-5A8A04EB4639}.Debug|x86.Build.0 = Debug|Win32
		{C5F9AE8B-FCD1-4CD2-A4D3-5A8A04EB4639}.Release|x64.ActiveCfg = Release|x64
		{C5F9AE8B-FCD1-4CD2-A4D3-5A8A04EB4639}.Release|x64.Build.0 = Release|x64
		{C5F9AE8B-FCD1-4CD2-A4D3-5A8A04EB4639}.Release|x86.ActiveCfg = Release|Win32
		{C5F9AE8B-FCD1-4CD2-A4D3-5A8A04EB4639}.Release|x86.Build.0 = Release|Win32
		{CFFDB245-3365-4499-AF64-512BBD395D85}.Debug|x64.ActiveCfg = Debug|x64
		{CFFDB245-3365-4499-AF64-512BBD395D85}.Debug|x64.Build.0 = Debug|x64
		{CFFDB245-3365-4499-AF64-512BBD395D85}.Debug|x86.ActiveCfg = Debug|Win32
		{CFFDB245-3365-4499-AF64-512BBD395D85}.Debug|x86.Build.0 = Debug|Win32
		{CFFDB245-3365-4499-AF64-512BBD395D85}.Release|x64.ActiveCfg = Release|x64
		{CFFDB245-3365-4499-AF64-512BBD395D85}.Release|x64.Build.0 = Release|x64
		{CFFDB245-3365-4499-AF64-512BBD395D85}.Release|x86.ActiveCfg = Release|Win32
		{CFFDB245-3365-4499-AF64-512BBD395D85}.Release|x86.Build.0 = Release|Win32
	EndGlobalSection
	GlobalSection(SolutionProperties) = preSolution
		HideSolutionNode = FALSE
	EndGlobalSection
	GlobalSection(ExtensibilityGlobals) = postSolution
		SolutionGuid = {9A4C3B62-1F35-48B0-A58D-5B3D98C36F8D}
	EndGlobalSection
EndGlobal 